// !$*UTF8*$!
{
	archiveVersion = 1;
	classes = {
	};
	objectVersion = 48;
	objects = {

/* Begin PBXBuildFile section */
		1BF1DE6020C12F8500653431 /* AppDelegate.swift in Sources */ = {isa = PBXBuildFile; fileRef = 1BF1DE5F20C12F8500653431 /* AppDelegate.swift */; };
		1BF1DE6520C12F8500653431 /* Main.storyboard in Resources */ = {isa = PBXBuildFile; fileRef = 1BF1DE6320C12F8500653431 /* Main.storyboard */; };
		1BF1DE6720C12F8500653431 /* Assets.xcassets in Resources */ = {isa = PBXBuildFile; fileRef = 1BF1DE6620C12F8500653431 /* Assets.xcassets */; };
		1BF1DE6A20C12F8500653431 /* LaunchScreen.storyboard in Resources */ = {isa = PBXBuildFile; fileRef = 1BF1DE6820C12F8500653431 /* LaunchScreen.storyboard */; };
		1BF1DE7520C12F8500653431 /* ____Tests.swift in Sources */ = {isa = PBXBuildFile; fileRef = 1BF1DE7420C12F8500653431 /* ____Tests.swift */; };
		1BF1DE8020C12F8500653431 /* ____UITests.swift in Sources */ = {isa = PBXBuildFile; fileRef = 1BF1DE7F20C12F8500653431 /* ____UITests.swift */; };
		1C9745702B991498FE7B4B18 /* Pods_____.framework in Frameworks */ = {isa = PBXBuildFile; fileRef = 8A847642CEA06E29AD3DD583 /* Pods_____.framework */; };
/* End PBXBuildFile section */

/* Begin PBXContainerItemProxy section */
		1BF1DE7120C12F8500653431 /* PBXContainerItemProxy */ = {
			isa = PBXContainerItemProxy;
			containerPortal = 1BF1DE5420C12F8500653431 /* Project object */;
			proxyType = 1;
			remoteGlobalIDString = 1BF1DE5B20C12F8500653431;
			remoteInfo = "斗鱼直播";
		};
		1BF1DE7C20C12F8500653431 /* PBXContainerItemProxy */ = {
			isa = PBXContainerItemProxy;
			containerPortal = 1BF1DE5420C12F8500653431 /* Project object */;
			proxyType = 1;
			remoteGlobalIDString = 1BF1DE5B20C12F8500653431;
			remoteInfo = "斗鱼直播";
		};
/* End PBXContainerItemProxy section */

/* Begin PBXFileReference section */
		1BF1DE5C20C12F8500653431 /* 斗鱼直播.app */ = {isa = PBXFileReference; explicitFileType = wrapper.application; includeInIndex = 0; path = "斗鱼直播.app"; sourceTree = BUILT_PRODUCTS_DIR; };
		1BF1DE5F20C12F8500653431 /* AppDelegate.swift */ = {isa = PBXFileReference; lastKnownFileType = sourcecode.swift; path = AppDelegate.swift; sourceTree = "<group>"; };
		1BF1DE6420C12F8500653431 /* Base */ = {isa = PBXFileReference; lastKnownFileType = file.storyboard; name = Base; path = Base.lproj/Main.storyboard; sourceTree = "<group>"; };
		1BF1DE6620C12F8500653431 /* Assets.xcassets */ = {isa = PBXFileReference; lastKnownFileType = folder.assetcatalog; path = Assets.xcassets; sourceTree = "<group>"; };
		1BF1DE6920C12F8500653431 /* Base */ = {isa = PBXFileReference; lastKnownFileType = file.storyboard; name = Base; path = Base.lproj/LaunchScreen.storyboard; sourceTree = "<group>"; };
		1BF1DE6B20C12F8500653431 /* Info.plist */ = {isa = PBXFileReference; lastKnownFileType = text.plist.xml; path = Info.plist; sourceTree = "<group>"; };
		1BF1DE7020C12F8500653431 /* 斗鱼直播Tests.xctest */ = {isa = PBXFileReference; explicitFileType = wrapper.cfbundle; includeInIndex = 0; path = "斗鱼直播Tests.xctest"; sourceTree = BUILT_PRODUCTS_DIR; };
		1BF1DE7420C12F8500653431 /* ____Tests.swift */ = {isa = PBXFileReference; lastKnownFileType = sourcecode.swift; path = "____Tests.swift"; sourceTree = "<group>"; };
		1BF1DE7620C12F8500653431 /* Info.plist */ = {isa = PBXFileReference; lastKnownFileType = text.plist.xml; path = Info.plist; sourceTree = "<group>"; };
		1BF1DE7B20C12F8500653431 /* 斗鱼直播UITests.xctest */ = {isa = PBXFileReference; explicitFileType = wrapper.cfbundle; includeInIndex = 0; path = "斗鱼直播UITests.xctest"; sourceTree = BUILT_PRODUCTS_DIR; };
		1BF1DE7F20C12F8500653431 /* ____UITests.swift */ = {isa = PBXFileReference; lastKnownFileType = sourcecode.swift; path = "____UITests.swift"; sourceTree = "<group>"; };
		1BF1DE8120C12F8500653431 /* Info.plist */ = {isa = PBXFileReference; lastKnownFileType = text.plist.xml; path = Info.plist; sourceTree = "<group>"; };
		283EB3F172D07DF8249E4D1C /* Pods-斗鱼直播.debug.xcconfig */ = {isa = PBXFileReference; includeInIndex = 1; lastKnownFileType = text.xcconfig; name = "Pods-斗鱼直播.debug.xcconfig"; path = "Pods/Target Support Files/Pods-斗鱼直播/Pods-斗鱼直播.debug.xcconfig"; sourceTree = "<group>"; };
		56E3E127203FD7B2EFF0E6F5 /* Pods-斗鱼直播.release.xcconfig */ = {isa = PBXFileReference; includeInIndex = 1; lastKnownFileType = text.xcconfig; name = "Pods-斗鱼直播.release.xcconfig"; path = "Pods/Target Support Files/Pods-斗鱼直播/Pods-斗鱼直播.release.xcconfig"; sourceTree = "<group>"; };
		8A847642CEA06E29AD3DD583 /* Pods_____.framework */ = {isa = PBXFileReference; explicitFileType = wrapper.framework; includeInIndex = 0; path = "Pods_____.framework"; sourceTree = BUILT_PRODUCTS_DIR; };
/* End PBXFileReference section */

/* Begin PBXFrameworksBuildPhase section */
		1BF1DE5920C12F8500653431 /* Frameworks */ = {
			isa = PBXFrameworksBuildPhase;
			buildActionMask = 2147483647;
			files = (
				1C9745702B991498FE7B4B18 /* Pods_____.framework in Frameworks */,
			);
			runOnlyForDeploymentPostprocessing = 0;
		};
		1BF1DE6D20C12F8500653431 /* Frameworks */ = {
			isa = PBXFrameworksBuildPhase;
			buildActionMask = 2147483647;
			files = (
			);
			runOnlyForDeploymentPostprocessing = 0;
		};
		1BF1DE7820C12F8500653431 /* Frameworks */ = {
			isa = PBXFrameworksBuildPhase;
			buildActionMask = 2147483647;
			files = (
			);
			runOnlyForDeploymentPostprocessing = 0;
		};
/* End PBXFrameworksBuildPhase section */

/* Begin PBXGroup section */
		0FD9B4690FD94F9EFA9BBDBE /* Frameworks */ = {
			isa = PBXGroup;
			children = (
				8A847642CEA06E29AD3DD583 /* Pods_____.framework */,
			);
			name = Frameworks;
			sourceTree = "<group>";
		};
		1BF1DE5320C12F8500653431 = {
			isa = PBXGroup;
			children = (
				1BF1DE5E20C12F8500653431 /* 斗鱼直播 */,
				1BF1DE7320C12F8500653431 /* 斗鱼直播Tests */,
				1BF1DE7E20C12F8500653431 /* 斗鱼直播UITests */,
				1BF1DE5D20C12F8500653431 /* Products */,
				A2F621CAF2CCDA26ADCC42AD /* Pods */,
				0FD9B4690FD94F9EFA9BBDBE /* Frameworks */,
			);
			sourceTree = "<group>";
		};
		1BF1DE5D20C12F8500653431 /* Products */ = {
			isa = PBXGroup;
			children = (
				1BF1DE5C20C12F8500653431 /* 斗鱼直播.app */,
				1BF1DE7020C12F8500653431 /* 斗鱼直播Tests.xctest */,
				1BF1DE7B20C12F8500653431 /* 斗鱼直播UITests.xctest */,
			);
			name = Products;
			sourceTree = "<group>";
		};
		1BF1DE5E20C12F8500653431 /* 斗鱼直播 */ = {
			isa = PBXGroup;
			children = (
				1BF1DE8D20C134FE00653431 /* Feature */,
				1BF1DE5F20C12F8500653431 /* AppDelegate.swift */,
				1BF1DE6320C12F8500653431 /* Main.storyboard */,
				1BF1DE6620C12F8500653431 /* Assets.xcassets */,
				1BF1DE6820C12F8500653431 /* LaunchScreen.storyboard */,
				1BF1DE6B20C12F8500653431 /* Info.plist */,
			);
			path = "斗鱼直播";
			sourceTree = "<group>";
		};
		1BF1DE7320C12F8500653431 /* 斗鱼直播Tests */ = {
			isa = PBXGroup;
			children = (
				1BF1DE7420C12F8500653431 /* ____Tests.swift */,
				1BF1DE7620C12F8500653431 /* Info.plist */,
			);
			path = "斗鱼直播Tests";
			sourceTree = "<group>";
		};
		1BF1DE7E20C12F8500653431 /* 斗鱼直播UITests */ = {
			isa = PBXGroup;
			children = (
				1BF1DE7F20C12F8500653431 /* ____UITests.swift */,
				1BF1DE8120C12F8500653431 /* Info.plist */,
			);
			path = "斗鱼直播UITests";
			sourceTree = "<group>";
		};
		1BF1DE8D20C134FE00653431 /* Feature */ = {
			isa = PBXGroup;
			children = (
				1BF1DE9320C134FE00653431 /* Main */,
				1BF1DE8E20C134FE00653431 /* Home */,
				1BF1DE8F20C134FE00653431 /* Tools */,
				1BF1DE9020C134FE00653431 /* user */,
				1BF1DE9120C134FE00653431 /* notice */,
				1BF1DE9220C134FE00653431 /* Live */,
			);
			path = Feature;
			sourceTree = "<group>";
		};
		1BF1DE8E20C134FE00653431 /* Home */ = {
			isa = PBXGroup;
			children = (
			);
			path = Home;
			sourceTree = "<group>";
		};
		1BF1DE8F20C134FE00653431 /* Tools */ = {
			isa = PBXGroup;
			children = (
			);
			path = Tools;
			sourceTree = "<group>";
		};
		1BF1DE9020C134FE00653431 /* user */ = {
			isa = PBXGroup;
			children = (
			);
			path = user;
			sourceTree = "<group>";
		};
		1BF1DE9120C134FE00653431 /* notice */ = {
			isa = PBXGroup;
			children = (
			);
			path = notice;
			sourceTree = "<group>";
		};
		1BF1DE9220C134FE00653431 /* Live */ = {
			isa = PBXGroup;
			children = (
			);
			path = Live;
			sourceTree = "<group>";
		};
		1BF1DE9320C134FE00653431 /* Main */ = {
			isa = PBXGroup;
			children = (
			);
			path = Main;
			sourceTree = "<group>";
		};
		A2F621CAF2CCDA26ADCC42AD /* Pods */ = {
			isa = PBXGroup;
			children = (
				283EB3F172D07DF8249E4D1C /* Pods-斗鱼直播.debug.xcconfig */,
				56E3E127203FD7B2EFF0E6F5 /* Pods-斗鱼直播.release.xcconfig */,
			);
			name = Pods;
			sourceTree = "<group>";
		};
/* End PBXGroup section */

/* Begin PBXNativeTarget section */
		1BF1DE5B20C12F8500653431 /* 斗鱼直播 */ = {
			isa = PBXNativeTarget;
			buildConfigurationList = 1BF1DE8420C12F8500653431 /* Build configuration list for PBXNativeTarget "斗鱼直播" */;
			buildPhases = (
				5F25E20D389FF74D7BE5EAB4 /* [CP] Check Pods Manifest.lock */,
				1BF1DE5820C12F8500653431 /* Sources */,
				1BF1DE5920C12F8500653431 /* Frameworks */,
				1BF1DE5A20C12F8500653431 /* Resources */,
				5D130C79E0B14C6FB86D0A42 /* [CP] Embed Pods Frameworks */,
				E2E6CC7398477D02564E8EA7 /* [CP] Copy Pods Resources */,
			);
			buildRules = (
			);
			dependencies = (
			);
			name = "斗鱼直播";
			productName = "斗鱼直播";
			productReference = 1BF1DE5C20C12F8500653431 /* 斗鱼直播.app */;
			productType = "com.apple.product-type.application";
		};
		1BF1DE6F20C12F8500653431 /* 斗鱼直播Tests */ = {
			isa = PBXNativeTarget;
			buildConfigurationList = 1BF1DE8720C12F8500653431 /* Build configuration list for PBXNativeTarget "斗鱼直播Tests" */;
			buildPhases = (
				1BF1DE6C20C12F8500653431 /* Sources */,
				1BF1DE6D20C12F8500653431 /* Frameworks */,
				1BF1DE6E20C12F8500653431 /* Resources */,
			);
			buildRules = (
			);
			dependencies = (
				1BF1DE7220C12F8500653431 /* PBXTargetDependency */,
			);
			name = "斗鱼直播Tests";
			productName = "斗鱼直播Tests";
			productReference = 1BF1DE7020C12F8500653431 /* 斗鱼直播Tests.xctest */;
			productType = "com.apple.product-type.bundle.unit-test";
		};
		1BF1DE7A20C12F8500653431 /* 斗鱼直播UITests */ = {
			isa = PBXNativeTarget;
			buildConfigurationList = 1BF1DE8A20C12F8500653431 /* Build configuration list for PBXNativeTarget "斗鱼直播UITests" */;
			buildPhases = (
				1BF1DE7720C12F8500653431 /* Sources */,
				1BF1DE7820C12F8500653431 /* Frameworks */,
				1BF1DE7920C12F8500653431 /* Resources */,
			);
			buildRules = (
			);
			dependencies = (
				1BF1DE7D20C12F8500653431 /* PBXTargetDependency */,
			);
			name = "斗鱼直播UITests";
			productName = "斗鱼直播UITests";
			productReference = 1BF1DE7B20C12F8500653431 /* 斗鱼直播UITests.xctest */;
			productType = "com.apple.product-type.bundle.ui-testing";
		};
/* End PBXNativeTarget section */

/* Begin PBXProject section */
		1BF1DE5420C12F8500653431 /* Project object */ = {
			isa = PBXProject;
			attributes = {
				LastSwiftUpdateCheck = 0920;
				LastUpgradeCheck = 0920;
				ORGANIZATIONNAME = "怒煮西兰花";
				TargetAttributes = {
					1BF1DE5B20C12F8500653431 = {
						CreatedOnToolsVersion = 9.2;
						ProvisioningStyle = Manual;
					};
					1BF1DE6F20C12F8500653431 = {
						CreatedOnToolsVersion = 9.2;
						ProvisioningStyle = Automatic;
						TestTargetID = 1BF1DE5B20C12F8500653431;
					};
					1BF1DE7A20C12F8500653431 = {
						CreatedOnToolsVersion = 9.2;
						ProvisioningStyle = Automatic;
						TestTargetID = 1BF1DE5B20C12F8500653431;
					};
				};
			};
			buildConfigurationList = 1BF1DE5720C12F8500653431 /* Build configuration list for PBXProject "斗鱼直播" */;
			compatibilityVersion = "Xcode 8.0";
			developmentRegion = en;
			hasScannedForEncodings = 0;
			knownRegions = (
				en,
				Base,
			);
			mainGroup = 1BF1DE5320C12F8500653431;
			productRefGroup = 1BF1DE5D20C12F8500653431 /* Products */;
			projectDirPath = "";
			projectRoot = "";
			targets = (
				1BF1DE5B20C12F8500653431 /* 斗鱼直播 */,
				1BF1DE6F20C12F8500653431 /* 斗鱼直播Tests */,
				1BF1DE7A20C12F8500653431 /* 斗鱼直播UITests */,
			);
		};
/* End PBXProject section */

/* Begin PBXResourcesBuildPhase section */
		1BF1DE5A20C12F8500653431 /* Resources */ = {
			isa = PBXResourcesBuildPhase;
			buildActionMask = 2147483647;
			files = (
				1BF1DE6A20C12F8500653431 /* LaunchScreen.storyboard in Resources */,
				1BF1DE6720C12F8500653431 /* Assets.xcassets in Resources */,
				1BF1DE6520C12F8500653431 /* Main.storyboard in Resources */,
			);
			runOnlyForDeploymentPostprocessing = 0;
		};
		1BF1DE6E20C12F8500653431 /* Resources */ = {
			isa = PBXResourcesBuildPhase;
			buildActionMask = 2147483647;
			files = (
			);
			runOnlyForDeploymentPostprocessing = 0;
		};
		1BF1DE7920C12F8500653431 /* Resources */ = {
			isa = PBXResourcesBuildPhase;
			buildActionMask = 2147483647;
			files = (
			);
			runOnlyForDeploymentPostprocessing = 0;
		};
/* End PBXResourcesBuildPhase section */

/* Begin PBXShellScriptBuildPhase section */
		5D130C79E0B14C6FB86D0A42 /* [CP] Embed Pods Frameworks */ = {
			isa = PBXShellScriptBuildPhase;
			buildActionMask = 2147483647;
			files = (
			);
			inputPaths = (
				"${SRCROOT}/Pods/Target Support Files/Pods-斗鱼直播/Pods-斗鱼直播-frameworks.sh",
				"${BUILT_PRODUCTS_DIR}/Alamofire/Alamofire.framework",
				"${BUILT_PRODUCTS_DIR}/Kingfisher/Kingfisher.framework",
			);
			name = "[CP] Embed Pods Frameworks";
			outputPaths = (
				"${TARGET_BUILD_DIR}/${FRAMEWORKS_FOLDER_PATH}/Alamofire.framework",
				"${TARGET_BUILD_DIR}/${FRAMEWORKS_FOLDER_PATH}/Kingfisher.framework",
			);
			runOnlyForDeploymentPostprocessing = 0;
			shellPath = /bin/sh;
			shellScript = "\"${SRCROOT}/Pods/Target Support Files/Pods-斗鱼直播/Pods-斗鱼直播-frameworks.sh\"\n";
			showEnvVarsInLog = 0;
		};
		5F25E20D389FF74D7BE5EAB4 /* [CP] Check Pods Manifest.lock */ = {
			isa = PBXShellScriptBuildPhase;
			buildActionMask = 2147483647;
			files = (
			);
			inputPaths = (
				"${PODS_PODFILE_DIR_PATH}/Podfile.lock",
				"${PODS_ROOT}/Manifest.lock",
			);
			name = "[CP] Check Pods Manifest.lock";
			outputPaths = (
				"$(DERIVED_FILE_DIR)/Pods-斗鱼直播-checkManifestLockResult.txt",
			);
			runOnlyForDeploymentPostprocessing = 0;
			shellPath = /bin/sh;
			shellScript = "diff \"${PODS_PODFILE_DIR_PATH}/Podfile.lock\" \"${PODS_ROOT}/Manifest.lock\" > /dev/null\nif [ $? != 0 ] ; then\n    # print error to STDERR\n    echo \"error: The sandbox is not in sync with the Podfile.lock. Run 'pod install' or update your CocoaPods installation.\" >&2\n    exit 1\nfi\n# This output is used by Xcode 'outputs' to avoid re-running this script phase.\necho \"SUCCESS\" > \"${SCRIPT_OUTPUT_FILE_0}\"\n";
			showEnvVarsInLog = 0;
		};
		E2E6CC7398477D02564E8EA7 /* [CP] Copy Pods Resources */ = {
			isa = PBXShellScriptBuildPhase;
			buildActionMask = 2147483647;
			files = (
			);
			inputPaths = (
			);
			name = "[CP] Copy Pods Resources";
			outputPaths = (
			);
			runOnlyForDeploymentPostprocessing = 0;
			shellPath = /bin/sh;
			shellScript = "\"${SRCROOT}/Pods/Target Support Files/Pods-斗鱼直播/Pods-斗鱼直播-resources.sh\"\n";
			showEnvVarsInLog = 0;
		};
/* End PBXShellScriptBuildPhase section */

/* Begin PBXSourcesBuildPhase section */
		1BF1DE5820C12F8500653431 /* Sources */ = {
			isa = PBXSourcesBuildPhase;
			buildActionMask = 2147483647;
			files = (
				1BF1DE6020C12F8500653431 /* AppDelegate.swift in Sources */,
			);
			runOnlyForDeploymentPostprocessing = 0;
		};
		1BF1DE6C20C12F8500653431 /* Sources */ = {
			isa = PBXSourcesBuildPhase;
			buildActionMask = 2147483647;
			files = (
				1BF1DE7520C12F8500653431 /* ____Tests.swift in Sources */,
			);
			runOnlyForDeploymentPostprocessing = 0;
		};
		1BF1DE7720C12F8500653431 /* Sources */ = {
			isa = PBXSourcesBuildPhase;
			buildActionMask = 2147483647;
			files = (
				1BF1DE8020C12F8500653431 /* ____UITests.swift in Sources */,
			);
			runOnlyForDeploymentPostprocessing = 0;
		};
/* End PBXSourcesBuildPhase section */

/* Begin PBXTargetDependency section */
		1BF1DE7220C12F8500653431 /* PBXTargetDependency */ = {
			isa = PBXTargetDependency;
			target = 1BF1DE5B20C12F8500653431 /* 斗鱼直播 */;
			targetProxy = 1BF1DE7120C12F8500653431 /* PBXContainerItemProxy */;
		};
		1BF1DE7D20C12F8500653431 /* PBXTargetDependency */ = {
			isa = PBXTargetDependency;
			target = 1BF1DE5B20C12F8500653431 /* 斗鱼直播 */;
			targetProxy = 1BF1DE7C20C12F8500653431 /* PBXContainerItemProxy */;
		};
/* End PBXTargetDependency section */

/* Begin PBXVariantGroup section */
		1BF1DE6320C12F8500653431 /* Main.storyboard */ = {
			isa = PBXVariantGroup;
			children = (
				1BF1DE6420C12F8500653431 /* Base */,
			);
			name = Main.storyboard;
			sourceTree = "<group>";
		};
		1BF1DE6820C12F8500653431 /* LaunchScreen.storyboard */ = {
			isa = PBXVariantGroup;
			children = (
				1BF1DE6920C12F8500653431 /* Base */,
			);
			name = LaunchScreen.storyboard;
			sourceTree = "<group>";
		};
/* End PBXVariantGroup section */

/* Begin XCBuildConfiguration section */
		1BF1DE8220C12F8500653431 /* Debug */ = {
			isa = XCBuildConfiguration;
			buildSettings = {
				ALWAYS_SEARCH_USER_PATHS = NO;
				CLANG_ANALYZER_NONNULL = YES;
				CLANG_ANALYZER_NUMBER_OBJECT_CONVERSION = YES_AGGRESSIVE;
				CLANG_CXX_LANGUAGE_STANDARD = "gnu++14";
				CLANG_CXX_LIBRARY = "libc++";
				CLANG_ENABLE_MODULES = YES;
				CLANG_ENABLE_OBJC_ARC = YES;
				CLANG_WARN_BLOCK_CAPTURE_AUTORELEASING = YES;
				CLANG_WARN_BOOL_CONVERSION = YES;
				CLANG_WARN_COMMA = YES;
				CLANG_WARN_CONSTANT_CONVERSION = YES;
				CLANG_WARN_DIRECT_OBJC_ISA_USAGE = YES_ERROR;
				CLANG_WARN_DOCUMENTATION_COMMENTS = YES;
				CLANG_WARN_EMPTY_BODY = YES;
				CLANG_WARN_ENUM_CONVERSION = YES;
				CLANG_WARN_INFINITE_RECURSION = YES;
				CLANG_WARN_INT_CONVERSION = YES;
				CLANG_WARN_NON_LITERAL_NULL_CONVERSION = YES;
				CLANG_WARN_OBJC_LITERAL_CONVERSION = YES;
				CLANG_WARN_OBJC_ROOT_CLASS = YES_ERROR;
				CLANG_WARN_RANGE_LOOP_ANALYSIS = YES;
				CLANG_WARN_STRICT_PROTOTYPES = YES;
				CLANG_WARN_SUSPICIOUS_MOVE = YES;
				CLANG_WARN_UNGUARDED_AVAILABILITY = YES_AGGRESSIVE;
				CLANG_WARN_UNREACHABLE_CODE = YES;
				CLANG_WARN__DUPLICATE_METHOD_MATCH = YES;
				CODE_SIGN_IDENTITY = "iPhone Developer";
				COPY_PHASE_STRIP = NO;
				DEBUG_INFORMATION_FORMAT = dwarf;
				ENABLE_STRICT_OBJC_MSGSEND = YES;
				ENABLE_TESTABILITY = YES;
				GCC_C_LANGUAGE_STANDARD = gnu11;
				GCC_DYNAMIC_NO_PIC = NO;
				GCC_NO_COMMON_BLOCKS = YES;
				GCC_OPTIMIZATION_LEVEL = 0;
				GCC_PREPROCESSOR_DEFINITIONS = (
					"DEBUG=1",
					"$(inherited)",
				);
				GCC_WARN_64_TO_32_BIT_CONVERSION = YES;
				GCC_WARN_ABOUT_RETURN_TYPE = YES_ERROR;
				GCC_WARN_UNDECLARED_SELECTOR = YES;
				GCC_WARN_UNINITIALIZED_AUTOS = YES_AGGRESSIVE;
				GCC_WARN_UNUSED_FUNCTION = YES;
				GCC_WARN_UNUSED_VARIABLE = YES;
				IPHONEOS_DEPLOYMENT_TARGET = 11.2;
				MTL_ENABLE_DEBUG_INFO = YES;
				ONLY_ACTIVE_ARCH = YES;
				SDKROOT = iphoneos;
				SWIFT_ACTIVE_COMPILATION_CONDITIONS = DEBUG;
				SWIFT_OPTIMIZATION_LEVEL = "-Onone";
			};
			name = Debug;
		};
		1BF1DE8320C12F8500653431 /* Release */ = {
			isa = XCBuildConfiguration;
			buildSettings = {
				ALWAYS_SEARCH_USER_PATHS = NO;
				CLANG_ANALYZER_NONNULL = YES;
				CLANG_ANALYZER_NUMBER_OBJECT_CONVERSION = YES_AGGRESSIVE;
				CLANG_CXX_LANGUAGE_STANDARD = "gnu++14";
				CLANG_CXX_LIBRARY = "libc++";
				CLANG_ENABLE_MODULES = YES;
				CLANG_ENABLE_OBJC_ARC = YES;
				CLANG_WARN_BLOCK_CAPTURE_AUTORELEASING = YES;
				CLANG_WARN_BOOL_CONVERSION = YES;
				CLANG_WARN_COMMA = YES;
				CLANG_WARN_CONSTANT_CONVERSION = YES;
				CLANG_WARN_DIRECT_OBJC_ISA_USAGE = YES_ERROR;
				CLANG_WARN_DOCUMENTATION_COMMENTS = YES;
				CLANG_WARN_EMPTY_BODY = YES;
				CLANG_WARN_ENUM_CONVERSION = YES;
				CLANG_WARN_INFINITE_RECURSION = YES;
				CLANG_WARN_INT_CONVERSION = YES;
				CLANG_WARN_NON_LITERAL_NULL_CONVERSION = YES;
				CLANG_WARN_OBJC_LITERAL_CONVERSION = YES;
				CLANG_WARN_OBJC_ROOT_CLASS = YES_ERROR;
				CLANG_WARN_RANGE_LOOP_ANALYSIS = YES;
				CLANG_WARN_STRICT_PROTOTYPES = YES;
				CLANG_WARN_SUSPICIOUS_MOVE = YES;
				CLANG_WARN_UNGUARDED_AVAILABILITY = YES_AGGRESSIVE;
				CLANG_WARN_UNREACHABLE_CODE = YES;
				CLANG_WARN__DUPLICATE_METHOD_MATCH = YES;
				CODE_SIGN_IDENTITY = "iPhone Developer";
				COPY_PHASE_STRIP = NO;
				DEBUG_INFORMATION_FORMAT = "dwarf-with-dsym";
				ENABLE_NS_ASSERTIONS = NO;
				ENABLE_STRICT_OBJC_MSGSEND = YES;
				GCC_C_LANGUAGE_STANDARD = gnu11;
				GCC_NO_COMMON_BLOCKS = YES;
				GCC_WARN_64_TO_32_BIT_CONVERSION = YES;
				GCC_WARN_ABOUT_RETURN_TYPE = YES_ERROR;
				GCC_WARN_UNDECLARED_SELECTOR = YES;
				GCC_WARN_UNINITIALIZED_AUTOS = YES_AGGRESSIVE;
				GCC_WARN_UNUSED_FUNCTION = YES;
				GCC_WARN_UNUSED_VARIABLE = YES;
				IPHONEOS_DEPLOYMENT_TARGET = 11.2;
				MTL_ENABLE_DEBUG_INFO = NO;
				SDKROOT = iphoneos;
				SWIFT_OPTIMIZATION_LEVEL = "-Owholemodule";
				VALIDATE_PRODUCT = YES;
			};
			name = Release;
		};
		1BF1DE8520C12F8500653431 /* Debug */ = {
			isa = XCBuildConfiguration;
			baseConfigurationReference = 283EB3F172D07DF8249E4D1C /* Pods-斗鱼直播.debug.xcconfig */;
			buildSettings = {
				ASSETCATALOG_COMPILER_APPICON_NAME = AppIcon;
				ASSETCATALOG_COMPILER_LAUNCHIMAGE_NAME = "Brand Assets";
				CODE_SIGN_STYLE = Manual;
				DEVELOPMENT_TEAM = "";
				INFOPLIST_FILE = "斗鱼直播/Info.plist";
				IPHONEOS_DEPLOYMENT_TARGET = 9.0;
				LD_RUNPATH_SEARCH_PATHS = "$(inherited) @executable_path/Frameworks";
				PRODUCT_BUNDLE_IDENTIFIER = com.xilanhua.DYZB;
				PRODUCT_NAME = "$(TARGET_NAME)";
				PROVISIONING_PROFILE_SPECIFIER = "";
				SWIFT_VERSION = 4.0;
				TARGETED_DEVICE_FAMILY = "1,2";
			};
			name = Debug;
		};
		1BF1DE8620C12F8500653431 /* Release */ = {
			isa = XCBuildConfiguration;
			baseConfigurationReference = 56E3E127203FD7B2EFF0E6F5 /* Pods-斗鱼直播.release.xcconfig */;
			buildSettings = {
				ASSETCATALOG_COMPILER_APPICON_NAME = AppIcon;
				ASSETCATALOG_COMPILER_LAUNCHIMAGE_NAME = "Brand Assets";
				CODE_SIGN_STYLE = Manual;
				DEVELOPMENT_TEAM = "";
				INFOPLIST_FILE = "斗鱼直播/Info.plist";
				IPHONEOS_DEPLOYMENT_TARGET = 9.0;
				LD_RUNPATH_SEARCH_PATHS = "$(inherited) @executable_path/Frameworks";
				PRODUCT_BUNDLE_IDENTIFIER = com.xilanhua.DYZB;
				PRODUCT_NAME = "$(TARGET_NAME)";
				PROVISIONING_PROFILE_SPECIFIER = "";
				SWIFT_VERSION = 4.0;
				TARGETED_DEVICE_FAMILY = "1,2";
			};
			name = Release;
		};
		1BF1DE8820C12F8500653431 /* Debug */ = {
			isa = XCBuildConfiguration;
			buildSettings = {
				ALWAYS_EMBED_SWIFT_STANDARD_LIBRARIES = YES;
				BUNDLE_LOADER = "$(TEST_HOST)";
				CODE_SIGN_STYLE = Automatic;
				INFOPLIST_FILE = "斗鱼直播Tests/Info.plist";
				LD_RUNPATH_SEARCH_PATHS = "$(inherited) @executable_path/Frameworks @loader_path/Frameworks";
				PRODUCT_BUNDLE_IDENTIFIER = "com.xilanhua.www.----Tests";
				PRODUCT_NAME = "$(TARGET_NAME)";
				SWIFT_VERSION = 4.0;
				TARGETED_DEVICE_FAMILY = "1,2";
				TEST_HOST = "$(BUILT_PRODUCTS_DIR)/斗鱼直播.app/斗鱼直播";
			};
			name = Debug;
		};
		1BF1DE8920C12F8500653431 /* Release */ = {
			isa = XCBuildConfiguration;
			buildSettings = {
				ALWAYS_EMBED_SWIFT_STANDARD_LIBRARIES = YES;
				BUNDLE_LOADER = "$(TEST_HOST)";
				CODE_SIGN_STYLE = Automatic;
				INFOPLIST_FILE = "斗鱼直播Tests/Info.plist";
				LD_RUNPATH_SEARCH_PATHS = "$(inherited) @executable_path/Frameworks @loader_path/Frameworks";
				PRODUCT_BUNDLE_IDENTIFIER = "com.xilanhua.www.----Tests";
				PRODUCT_NAME = "$(TARGET_NAME)";
				SWIFT_VERSION = 4.0;
				TARGETED_DEVICE_FAMILY = "1,2";
				TEST_HOST = "$(BUILT_PRODUCTS_DIR)/斗鱼直播.app/斗鱼直播";
			};
			name = Release;
		};
		1BF1DE8B20C12F8500653431 /* Debug */ = {
			isa = XCBuildConfiguration;
			buildSettings = {
				ALWAYS_EMBED_SWIFT_STANDARD_LIBRARIES = YES;
				CODE_SIGN_STYLE = Automatic;
				INFOPLIST_FILE = "斗鱼直播UITests/Info.plist";
				LD_RUNPATH_SEARCH_PATHS = "$(inherited) @executable_path/Frameworks @loader_path/Frameworks";
				PRODUCT_BUNDLE_IDENTIFIER = "com.xilanhua.www.----UITests";
				PRODUCT_NAME = "$(TARGET_NAME)";
				SWIFT_VERSION = 4.0;
				TARGETED_DEVICE_FAMILY = "1,2";
				TEST_TARGET_NAME = "斗鱼直播";
			};
			name = Debug;
		};
		1BF1DE8C20C12F8500653431 /* Release */ = {
			isa = XCBuildConfiguration;
			buildSettings = {
				ALWAYS_EMBED_SWIFT_STANDARD_LIBRARIES = YES;
				CODE_SIGN_STYLE = Automatic;
				INFOPLIST_FILE = "斗鱼直播UITests/Info.plist";
				LD_RUNPATH_SEARCH_PATHS = "$(inherited) @executable_path/Frameworks @loader_path/Frameworks";
				PRODUCT_BUNDLE_IDENTIFIER = "com.xilanhua.www.----UITests";
				PRODUCT_NAME = "$(TARGET_NAME)";
				SWIFT_VERSION = 4.0;
				TARGETED_DEVICE_FAMILY = "1,2";
				TEST_TARGET_NAME = "斗鱼直播";
			};
			name = Release;
		};
/* End XCBuildConfiguration section */

/* Begin XCConfigurationList section */
		1BF1DE5720C12F8500653431 /* Build configuration list for PBXProject "斗鱼直播" */ = {
			isa = XCConfigurationList;
			buildConfigurations = (
				1BF1DE8220C12F8500653431 /* Debug */,
				1BF1DE8320C12F8500653431 /* Release */,
			);
			defaultConfigurationIsVisible = 0;
			defaultConfigurationName = Release;
		};
		1BF1DE8420C12F8500653431 /* Build configuration list for PBXNativeTarget "斗鱼直播" */ = {
			isa = XCConfigurationList;
			buildConfigurations = (
				1BF1DE8520C12F8500653431 /* Debug */,
				1BF1DE8620C12F8500653431 /* Release */,
			);
			defaultConfigurationIsVisible = 0;
			defaultConfigurationName = Release;
		};
		1BF1DE8720C12F8500653431 /* Build configuration list for PBXNativeTarget "斗鱼直播Tests" */ = {
			isa = XCConfigurationList;
			buildConfigurations = (
				1BF1DE8820C12F8500653431 /* Debug */,
				1BF1DE8920C12F8500653431 /* Release */,
			);
			defaultConfigurationIsVisible = 0;
			defaultConfigurationName = Release;
		};
		1BF1DE8A20C12F8500653431 /* Build configuration list for PBXNativeTarget "斗鱼直播UITests" */ = {
			isa = XCConfigurationList;
			buildConfigurations = (
				1BF1DE8B20C12F8500653431 /* Debug */,
				1BF1DE8C20C12F8500653431 /* Release */,
			);
			defaultConfigurationIsVisible = 0;
			defaultConfigurationName = Release;
		};
/* End XCConfigurationList section */
	};
	rootObject = 1BF1DE5420C12F8500653431 /* Project object */;
}
